
Microsoft Visual Studio Solution File, Format Version 12.00
# Visual Studio 2012
Project("{FAE04EC0-301F-11D3-BF4B-00C04F79EFBC}") = "BasicWeatherApp", "BasicWeatherApp\BasicWeatherApp.csproj", "{F835E25B-BC6C-4794-B80E-DB08D449D88C}"
EndProject
Project("{FAE04EC0-301F-11D3-BF4B-00C04F79EFBC}") = "BasicWeatherApp.iOS", "iOS\BasicWeatherApp.iOS.csproj", "{92EF4102-B876-4ED3-ABEF-5F721851F25D}"
EndProject
Project("{FAE04EC0-301F-11D3-BF4B-00C04F79EFBC}") = "BasicWeatherApp.Droid", "Droid\BasicWeatherApp.Droid.csproj", "{12021619-2558-4D59-B4F9-48F9AC147637}"
EndProject
Global
	GlobalSection(SolutionConfigurationPlatforms) = preSolution
		Debug|Any CPU = Debug|Any CPU
		Release|Any CPU = Release|Any CPU
		Debug|iPhoneSimulator = Debug|iPhoneSimulator
		Release|iPhone = Release|iPhone
		Release|iPhoneSimulator = Release|iPhoneSimulator
		Debug|iPhone = Debug|iPhone
	EndGlobalSection
	GlobalSection(ProjectConfigurationPlatforms) = postSolution
		{F835E25B-BC6C-4794-B80E-DB08D449D88C}.Debug|Any CPU.ActiveCfg = Debug|Any CPU
		{F835E25B-BC6C-4794-B80E-DB08D449D88C}.Debug|Any CPU.Build.0 = Debug|Any CPU
		{F835E25B-BC6C-4794-B80E-DB08D449D88C}.Release|Any CPU.ActiveCfg = Release|Any CPU
		{F835E25B-BC6C-4794-B80E-DB08D449D88C}.Release|Any CPU.Build.0 = Release|Any CPU
		{F835E25B-BC6C-4794-B80E-DB08D449D88C}.Debug|iPhoneSimulator.ActiveCfg = Debug|Any CPU
		{F835E25B-BC6C-4794-B80E-DB08D449D88C}.Debug|iPhoneSimulator.Build.0 = Debug|Any CPU
		{F835E25B-BC6C-4794-B80E-DB08D449D88C}.Release|iPhone.ActiveCfg = Release|Any CPU
		{F835E25B-BC6C-4794-B80E-DB08D449D88C}.Release|iPhone.Build.0 = Release|Any CPU
		{F835E25B-BC6C-4794-B80E-DB08D449D88C}.Release|iPhoneSimulator.ActiveCfg = Release|Any CPU
		{F835E25B-BC6C-4794-B80E-DB08D449D88C}.Release|iPhoneSimulator.Build.0 = Release|Any CPU
		{F835E25B-BC6C-4794-B80E-DB08D449D88C}.Debug|iPhone.ActiveCfg = Debug|Any CPU
		{F835E25B-BC6C-4794-B80E-DB08D449D88C}.Debug|iPhone.Build.0 = Debug|Any CPU
		{92EF4102-B876-4ED3-ABEF-5F721851F25D}.Debug|Any CPU.ActiveCfg = Debug|iPhoneSimulator
		{92EF4102-B876-4ED3-ABEF-5F721851F25D}.Debug|Any CPU.Build.0 = Debug|iPhoneSimulator
		{92EF4102-B876-4ED3-ABEF-5F721851F25D}.Release|Any CPU.ActiveCfg = Release|iPhone
		{92EF4102-B876-4ED3-ABEF-5F721851F25D}.Release|Any CPU.Build.0 = Release|iPhone
		{92EF4102-B876-4ED3-ABEF-5F721851F25D}.Debug|iPhoneSimulator.ActiveCfg = Debug|iPhoneSimulator
		{92EF4102-B876-4ED3-ABEF-5F721851F25D}.Debug|iPhoneSimulator.Build.0 = Debug|iPhoneSimulator
		{92EF4102-B876-4ED3-ABEF-5F721851F25D}.Release|iPhone.ActiveCfg = Release|iPhone
		{92EF4102-B876-4ED3-ABEF-5F721851F25D}.Release|iPhone.Build.0 = Release|iPhone
		{92EF4102-B876-4ED3-ABEF-5F721851F25D}.Release|iPhoneSimulator.ActiveCfg = Release|iPhoneSimulator
		{92EF4102-B876-4ED3-ABEF-5F721851F25D}.Release|iPhoneSimulator.Build.0 = Release|iPhoneSimulator
		{92EF4102-B876-4ED3-ABEF-5F721851F25D}.Debug|iPhone.ActiveCfg = Debug|iPhone
		{92EF4102-B876-4ED3-ABEF-5F721851F25D}.Debug|iPhone.Build.0 = Debug|iPhone
		{12021619-2558-4D59-B4F9-48F9AC147637}.Debug|Any CPU.ActiveCfg = Debug|Any CPU
		{12021619-2558-4D59-B4F9-48F9AC147637}.Debug|Any CPU.Build.0 = Debug|Any CPU
		{12021619-2558-4D59-B4F9-48F9AC147637}.Release|Any CPU.ActiveCfg = Release|Any CPU
		{12021619-2558-4D59-B4F9-48F9AC147637}.Release|Any CPU.Build.0 = Release|Any CPU
		{12021619-2558-4D59-B4F9-48F9AC147637}.Debug|iPhoneSimulator.ActiveCfg = Debug|Any CPU
		{12021619-2558-4D59-B4F9-48F9AC147637}.Debug|iPhoneSimulator.Build.0 = Debug|Any CPU
		{12021619-2558-4D59-B4F9-48F9AC147637}.Release|iPhone.ActiveCfg = Release|Any CPU
		{12021619-2558-4D59-B4F9-48F9AC147637}.Release|iPhone.Build.0 = Release|Any CPU
		{12021619-2558-4D59-B4F9-48F9AC147637}.Release|iPhoneSimulator.ActiveCfg = Release|Any CPU
		{12021619-2558-4D59-B4F9-48F9AC147637}.Release|iPhoneSimulator.Build.0 = Release|Any CPU
		{12021619-2558-4D59-B4F9-48F9AC147637}.Debug|iPhone.ActiveCfg = Debug|Any CPU
		{12021619-2558-4D59-B4F9-48F9AC147637}.Debug|iPhone.Build.0 = Debug|Any CPU
	EndGlobalSection
EndGlobal
